
Microsoft Visual Studio Solution File, Format Version 12.00
# Visual Studio Version 16
VisualStudioVersion = 16.0.29728.190
MinimumVisualStudioVersion = 10.0.40219.1
Project("{9A19103F-16F7-4668-BE54-9A1E7A4F7556}") = "PlayablePrototype", "RoR2Mods\PlayablePrototype.csproj", "{2AB41E03-C34D-4ABB-87CF-B47582651EC8}"
EndProject
Project("{9A19103F-16F7-4668-BE54-9A1E7A4F7556}") = "VanillaTweaks", "VanillaTweaks\VanillaTweaks.csproj", "{AE46BC4E-5E05-48E0-BAA1-21782D4F9F25}"
EndProject
Project("{9A19103F-16F7-4668-BE54-9A1E7A4F7556}") = "RyanSkinAPI", "RyanSkinAPI\RyanSkinAPI.csproj", "{0A075330-F9B4-4FCC-821A-0B1A0D8EF7B8}"
EndProject
Global
	GlobalSection(SolutionConfigurationPlatforms) = preSolution
		Debug|Any CPU = Debug|Any CPU
		Release|Any CPU = Release|Any CPU
	EndGlobalSection
	GlobalSection(ProjectConfigurationPlatforms) = postSolution
		{2AB41E03-C34D-4ABB-87CF-B47582651EC8}.Debug|Any CPU.ActiveCfg = Debug|Any CPU
		{2AB41E03-C34D-4ABB-87CF-B47582651EC8}.Debug|Any CPU.Build.0 = Debug|Any CPU
		{2AB41E03-C34D-4ABB-87CF-B47582651EC8}.Release|Any CPU.ActiveCfg = Release|Any CPU
		{2AB41E03-C34D-4ABB-87CF-B47582651EC8}.Release|Any CPU.Build.0 = Release|Any CPU
		{AE46BC4E-5E05-48E0-BAA1-21782D4F9F25}.Debug|Any CPU.ActiveCfg = Debug|Any CPU
		{AE46BC4E-5E05-48E0-BAA1-21782D4F9F25}.Debug|Any CPU.Build.0 = Debug|Any CPU
		{AE46BC4E-5E05-48E0-BAA1-21782D4F9F25}.Release|Any CPU.ActiveCfg = Release|Any CPU
		{AE46BC4E-5E05-48E0-BAA1-21782D4F9F25}.Release|Any CPU.Build.0 = Release|Any CPU
		{0A075330-F9B4-4FCC-821A-0B1A0D8EF7B8}.Debug|Any CPU.ActiveCfg = Debug|Any CPU
		{0A075330-F9B4-4FCC-821A-0B1A0D8EF7B8}.Debug|Any CPU.Build.0 = Debug|Any CPU
		{0A075330-F9B4-4FCC-821A-0B1A0D8EF7B8}.Release|Any CPU.ActiveCfg = Release|Any CPU
		{0A075330-F9B4-4FCC-821A-0B1A0D8EF7B8}.Release|Any CPU.Build.0 = Release|Any CPU
	EndGlobalSection
	GlobalSection(SolutionProperties) = preSolution
		HideSolutionNode = FALSE
	EndGlobalSection
	GlobalSection(ExtensibilityGlobals) = postSolution
		SolutionGuid = {62F89DCC-AA6D-4517-AAF8-1F8A9DE05F8B}
	EndGlobalSection
EndGlobal
